// !$*UTF8*$!
{
	archiveVersion = 1;
	classes = {
	};
	objectVersion = 50;
	objects = {

/* Begin PBXBuildFile section */
		5CB0091726552DC1009806C0 /* AppDelegate.swift in Sources */ = {isa = PBXBuildFile; fileRef = 5CB0091626552DC1009806C0 /* AppDelegate.swift */; };
		5CB0091926552DC1009806C0 /* SceneDelegate.swift in Sources */ = {isa = PBXBuildFile; fileRef = 5CB0091826552DC1009806C0 /* SceneDelegate.swift */; };
		5CB0091B26552DC1009806C0 /* ViewController.swift in Sources */ = {isa = PBXBuildFile; fileRef = 5CB0091A26552DC1009806C0 /* ViewController.swift */; };
		5CB0091E26552DC1009806C0 /* Main.storyboard in Resources */ = {isa = PBXBuildFile; fileRef = 5CB0091C26552DC1009806C0 /* Main.storyboard */; };
		5CB0092026552DC9009806C0 /* Assets.xcassets in Resources */ = {isa = PBXBuildFile; fileRef = 5CB0091F26552DC9009806C0 /* Assets.xcassets */; };
		5CB0092326552DC9009806C0 /* LaunchScreen.storyboard in Resources */ = {isa = PBXBuildFile; fileRef = 5CB0092126552DC9009806C0 /* LaunchScreen.storyboard */; };
		5CB0092E26552DCA009806C0 /* BazaartProjectTests.swift in Sources */ = {isa = PBXBuildFile; fileRef = 5CB0092D26552DCA009806C0 /* BazaartProjectTests.swift */; };
		5CB0093926552DCA009806C0 /* BazaartProjectUITests.swift in Sources */ = {isa = PBXBuildFile; fileRef = 5CB0093826552DCA009806C0 /* BazaartProjectUITests.swift */; };
/* End PBXBuildFile section */

/* Begin PBXContainerItemProxy section */
		5CB0092A26552DCA009806C0 /* PBXContainerItemProxy */ = {
			isa = PBXContainerItemProxy;
			containerPortal = 5CB0090B26552DC1009806C0 /* Project object */;
			proxyType = 1;
			remoteGlobalIDString = 5CB0091226552DC1009806C0;
			remoteInfo = BazaartProject;
		};
		5CB0093526552DCA009806C0 /* PBXContainerItemProxy */ = {
			isa = PBXContainerItemProxy;
			containerPortal = 5CB0090B26552DC1009806C0 /* Project object */;
			proxyType = 1;
			remoteGlobalIDString = 5CB0091226552DC1009806C0;
			remoteInfo = BazaartProject;
		};
/* End PBXContainerItemProxy section */

/* Begin PBXFileReference section */
		5CB0091326552DC1009806C0 /* BazaartProject.app */ = {isa = PBXFileReference; explicitFileType = wrapper.application; includeInIndex = 0; path = BazaartProject.app; sourceTree = BUILT_PRODUCTS_DIR; };
		5CB0091626552DC1009806C0 /* AppDelegate.swift */ = {isa = PBXFileReference; lastKnownFileType = sourcecode.swift; path = AppDelegate.swift; sourceTree = "<group>"; };
		5CB0091826552DC1009806C0 /* SceneDelegate.swift */ = {isa = PBXFileReference; lastKnownFileType = sourcecode.swift; path = SceneDelegate.swift; sourceTree = "<group>"; };
		5CB0091A26552DC1009806C0 /* ViewController.swift */ = {isa = PBXFileReference; lastKnownFileType = sourcecode.swift; path = ViewController.swift; sourceTree = "<group>"; };
		5CB0091D26552DC1009806C0 /* Base */ = {isa = PBXFileReference; lastKnownFileType = file.storyboard; name = Base; path = Base.lproj/Main.storyboard; sourceTree = "<group>"; };
		5CB0091F26552DC9009806C0 /* Assets.xcassets */ = {isa = PBXFileReference; lastKnownFileType = folder.assetcatalog; path = Assets.xcassets; sourceTree = "<group>"; };
		5CB0092226552DC9009806C0 /* Base */ = {isa = PBXFileReference; lastKnownFileType = file.storyboard; name = Base; path = Base.lproj/LaunchScreen.storyboard; sourceTree = "<group>"; };
		5CB0092426552DC9009806C0 /* Info.plist */ = {isa = PBXFileReference; lastKnownFileType = text.plist.xml; path = Info.plist; sourceTree = "<group>"; };
		5CB0092926552DCA009806C0 /* BazaartProjectTests.xctest */ = {isa = PBXFileReference; explicitFileType = wrapper.cfbundle; includeInIndex = 0; path = BazaartProjectTests.xctest; sourceTree = BUILT_PRODUCTS_DIR; };
		5CB0092D26552DCA009806C0 /* BazaartProjectTests.swift */ = {isa = PBXFileReference; lastKnownFileType = sourcecode.swift; path = BazaartProjectTests.swift; sourceTree = "<group>"; };
		5CB0092F26552DCA009806C0 /* Info.plist */ = {isa = PBXFileReference; lastKnownFileType = text.plist.xml; path = Info.plist; sourceTree = "<group>"; };
		5CB0093426552DCA009806C0 /* BazaartProjectUITests.xctest */ = {isa = PBXFileReference; explicitFileType = wrapper.cfbundle; includeInIndex = 0; path = BazaartProjectUITests.xctest; sourceTree = BUILT_PRODUCTS_DIR; };
		5CB0093826552DCA009806C0 /* BazaartProjectUITests.swift */ = {isa = PBXFileReference; lastKnownFileType = sourcecode.swift; path = BazaartProjectUITests.swift; sourceTree = "<group>"; };
		5CB0093A26552DCA009806C0 /* Info.plist */ = {isa = PBXFileReference; lastKnownFileType = text.plist.xml; path = Info.plist; sourceTree = "<group>"; };
/* End PBXFileReference section */

/* Begin PBXFrameworksBuildPhase section */
		5CB0091026552DC1009806C0 /* Frameworks */ = {
			isa = PBXFrameworksBuildPhase;
			buildActionMask = 2147483647;
			files = (
			);
			runOnlyForDeploymentPostprocessing = 0;
		};
		5CB0092626552DCA009806C0 /* Frameworks */ = {
			isa = PBXFrameworksBuildPhase;
			buildActionMask = 2147483647;
			files = (
			);
			runOnlyForDeploymentPostprocessing = 0;
		};
		5CB0093126552DCA009806C0 /* Frameworks */ = {
			isa = PBXFrameworksBuildPhase;
			buildActionMask = 2147483647;
			files = (
			);
			runOnlyForDeploymentPostprocessing = 0;
		};
/* End PBXFrameworksBuildPhase section */

/* Begin PBXGroup section */
		5CB0090A26552DC1009806C0 = {
			isa = PBXGroup;
			children = (
				5CB0091526552DC1009806C0 /* BazaartProject */,
				5CB0092C26552DCA009806C0 /* BazaartProjectTests */,
				5CB0093726552DCA009806C0 /* BazaartProjectUITests */,
				5CB0091426552DC1009806C0 /* Products */,
			);
			sourceTree = "<group>";
		};
		5CB0091426552DC1009806C0 /* Products */ = {
			isa = PBXGroup;
			children = (
				5CB0091326552DC1009806C0 /* BazaartProject.app */,
				5CB0092926552DCA009806C0 /* BazaartProjectTests.xctest */,
				5CB0093426552DCA009806C0 /* BazaartProjectUITests.xctest */,
			);
			name = Products;
			sourceTree = "<group>";
		};
		5CB0091526552DC1009806C0 /* BazaartProject */ = {
			isa = PBXGroup;
			children = (
				5CB0091626552DC1009806C0 /* AppDelegate.swift */,
				5CB0091826552DC1009806C0 /* SceneDelegate.swift */,
				5CB0091A26552DC1009806C0 /* ViewController.swift */,
				5CB0091C26552DC1009806C0 /* Main.storyboard */,
				5CB0091F26552DC9009806C0 /* Assets.xcassets */,
				5CB0092126552DC9009806C0 /* LaunchScreen.storyboard */,
				5CB0092426552DC9009806C0 /* Info.plist */,
			);
			path = BazaartProject;
			sourceTree = "<group>";
		};
		5CB0092C26552DCA009806C0 /* BazaartProjectTests */ = {
			isa = PBXGroup;
			children = (
				5CB0092D26552DCA009806C0 /* BazaartProjectTests.swift */,
				5CB0092F26552DCA009806C0 /* Info.plist */,
			);
			path = BazaartProjectTests;
			sourceTree = "<group>";
		};
		5CB0093726552DCA009806C0 /* BazaartProjectUITests */ = {
			isa = PBXGroup;
			children = (
				5CB0093826552DCA009806C0 /* BazaartProjectUITests.swift */,
				5CB0093A26552DCA009806C0 /* Info.plist */,
			);
			path = BazaartProjectUITests;
			sourceTree = "<group>";
		};
/* End PBXGroup section */

/* Begin PBXNativeTarget section */
		5CB0091226552DC1009806C0 /* BazaartProject */ = {
			isa = PBXNativeTarget;
			buildConfigurationList = 5CB0093D26552DCA009806C0 /* Build configuration list for PBXNativeTarget "BazaartProject" */;
			buildPhases = (
				5CB0090F26552DC1009806C0 /* Sources */,
				5CB0091026552DC1009806C0 /* Frameworks */,
				5CB0091126552DC1009806C0 /* Resources */,
			);
			buildRules = (
			);
			dependencies = (
			);
			name = BazaartProject;
			productName = BazaartProject;
			productReference = 5CB0091326552DC1009806C0 /* BazaartProject.app */;
			productType = "com.apple.product-type.application";
		};
		5CB0092826552DCA009806C0 /* BazaartProjectTests */ = {
			isa = PBXNativeTarget;
			buildConfigurationList = 5CB0094026552DCA009806C0 /* Build configuration list for PBXNativeTarget "BazaartProjectTests" */;
			buildPhases = (
				5CB0092526552DCA009806C0 /* Sources */,
				5CB0092626552DCA009806C0 /* Frameworks */,
				5CB0092726552DCA009806C0 /* Resources */,
			);
			buildRules = (
			);
			dependencies = (
				5CB0092B26552DCA009806C0 /* PBXTargetDependency */,
			);
			name = BazaartProjectTests;
			productName = BazaartProjectTests;
			productReference = 5CB0092926552DCA009806C0 /* BazaartProjectTests.xctest */;
			productType = "com.apple.product-type.bundle.unit-test";
		};
		5CB0093326552DCA009806C0 /* BazaartProjectUITests */ = {
			isa = PBXNativeTarget;
			buildConfigurationList = 5CB0094326552DCA009806C0 /* Build configuration list for PBXNativeTarget "BazaartProjectUITests" */;
			buildPhases = (
				5CB0093026552DCA009806C0 /* Sources */,
				5CB0093126552DCA009806C0 /* Frameworks */,
				5CB0093226552DCA009806C0 /* Resources */,
			);
			buildRules = (
			);
			dependencies = (
				5CB0093626552DCA009806C0 /* PBXTargetDependency */,
			);
			name = BazaartProjectUITests;
			productName = BazaartProjectUITests;
			productReference = 5CB0093426552DCA009806C0 /* BazaartProjectUITests.xctest */;
			productType = "com.apple.product-type.bundle.ui-testing";
		};
/* End PBXNativeTarget section */

/* Begin PBXProject section */
		5CB0090B26552DC1009806C0 /* Project object */ = {
			isa = PBXProject;
			attributes = {
				LastSwiftUpdateCheck = 1240;
				LastUpgradeCheck = 1240;
				TargetAttributes = {
					5CB0091226552DC1009806C0 = {
						CreatedOnToolsVersion = 12.4;
					};
					5CB0092826552DCA009806C0 = {
						CreatedOnToolsVersion = 12.4;
						TestTargetID = 5CB0091226552DC1009806C0;
					};
					5CB0093326552DCA009806C0 = {
						CreatedOnToolsVersion = 12.4;
						TestTargetID = 5CB0091226552DC1009806C0;
					};
				};
			};
			buildConfigurationList = 5CB0090E26552DC1009806C0 /* Build configuration list for PBXProject "BazaartProject" */;
			compatibilityVersion = "Xcode 9.3";
			developmentRegion = en;
			hasScannedForEncodings = 0;
			knownRegions = (
				en,
				Base,
			);
			mainGroup = 5CB0090A26552DC1009806C0;
			productRefGroup = 5CB0091426552DC1009806C0 /* Products */;
			projectDirPath = "";
			projectRoot = "";
			targets = (
				5CB0091226552DC1009806C0 /* BazaartProject */,
				5CB0092826552DCA009806C0 /* BazaartProjectTests */,
				5CB0093326552DCA009806C0 /* BazaartProjectUITests */,
			);
		};
/* End PBXProject section */

/* Begin PBXResourcesBuildPhase section */
		5CB0091126552DC1009806C0 /* Resources */ = {
			isa = PBXResourcesBuildPhase;
			buildActionMask = 2147483647;
			files = (
				5CB0092326552DC9009806C0 /* LaunchScreen.storyboard in Resources */,
				5CB0092026552DC9009806C0 /* Assets.xcassets in Resources */,
				5CB0091E26552DC1009806C0 /* Main.storyboard in Resources */,
			);
			runOnlyForDeploymentPostprocessing = 0;
		};
		5CB0092726552DCA009806C0 /* Resources */ = {
			isa = PBXResourcesBuildPhase;
			buildActionMask = 2147483647;
			files = (
			);
			runOnlyForDeploymentPostprocessing = 0;
		};
		5CB0093226552DCA009806C0 /* Resources */ = {
			isa = PBXResourcesBuildPhase;
			buildActionMask = 2147483647;
			files = (
			);
			runOnlyForDeploymentPostprocessing = 0;
		};
/* End PBXResourcesBuildPhase section */

/* Begin PBXSourcesBuildPhase section */
		5CB0090F26552DC1009806C0 /* Sources */ = {
			isa = PBXSourcesBuildPhase;
			buildActionMask = 2147483647;
			files = (
				5CB0091B26552DC1009806C0 /* ViewController.swift in Sources */,
				5CB0091726552DC1009806C0 /* AppDelegate.swift in Sources */,
				5CB0091926552DC1009806C0 /* SceneDelegate.swift in Sources */,
			);
			runOnlyForDeploymentPostprocessing = 0;
		};
		5CB0092526552DCA009806C0 /* Sources */ = {
			isa = PBXSourcesBuildPhase;
			buildActionMask = 2147483647;
			files = (
				5CB0092E26552DCA009806C0 /* BazaartProjectTests.swift in Sources */,
			);
			runOnlyForDeploymentPostprocessing = 0;
		};
		5CB0093026552DCA009806C0 /* Sources */ = {
			isa = PBXSourcesBuildPhase;
			buildActionMask = 2147483647;
			files = (
				5CB0093926552DCA009806C0 /* BazaartProjectUITests.swift in Sources */,
			);
			runOnlyForDeploymentPostprocessing = 0;
		};
/* End PBXSourcesBuildPhase section */

/* Begin PBXTargetDependency section */
		5CB0092B26552DCA009806C0 /* PBXTargetDependency */ = {
			isa = PBXTargetDependency;
			target = 5CB0091226552DC1009806C0 /* BazaartProject */;
			targetProxy = 5CB0092A26552DCA009806C0 /* PBXContainerItemProxy */;
		};
		5CB0093626552DCA009806C0 /* PBXTargetDependency */ = {
			isa = PBXTargetDependency;
			target = 5CB0091226552DC1009806C0 /* BazaartProject */;
			targetProxy = 5CB0093526552DCA009806C0 /* PBXContainerItemProxy */;
		};
/* End PBXTargetDependency section */

/* Begin PBXVariantGroup section */
		5CB0091C26552DC1009806C0 /* Main.storyboard */ = {
			isa = PBXVariantGroup;
			children = (
				5CB0091D26552DC1009806C0 /* Base */,
			);
			name = Main.storyboard;
			sourceTree = "<group>";
		};
		5CB0092126552DC9009806C0 /* LaunchScreen.storyboard */ = {
			isa = PBXVariantGroup;
			children = (
				5CB0092226552DC9009806C0 /* Base */,
			);
			name = LaunchScreen.storyboard;
			sourceTree = "<group>";
		};
/* End PBXVariantGroup section */

/* Begin XCBuildConfiguration section */
		5CB0093B26552DCA009806C0 /* Debug */ = {
			isa = XCBuildConfiguration;
			buildSettings = {
				ALWAYS_SEARCH_USER_PATHS = NO;
				CLANG_ANALYZER_NONNULL = YES;
				CLANG_ANALYZER_NUMBER_OBJECT_CONVERSION = YES_AGGRESSIVE;
				CLANG_CXX_LANGUAGE_STANDARD = "gnu++14";
				CLANG_CXX_LIBRARY = "libc++";
				CLANG_ENABLE_MODULES = YES;
				CLANG_ENABLE_OBJC_ARC = YES;
				CLANG_ENABLE_OBJC_WEAK = YES;
				CLANG_WARN_BLOCK_CAPTURE_AUTORELEASING = YES;
				CLANG_WARN_BOOL_CONVERSION = YES;
				CLANG_WARN_COMMA = YES;
				CLANG_WARN_CONSTANT_CONVERSION = YES;
				CLANG_WARN_DEPRECATED_OBJC_IMPLEMENTATIONS = YES;
				CLANG_WARN_DIRECT_OBJC_ISA_USAGE = YES_ERROR;
				CLANG_WARN_DOCUMENTATION_COMMENTS = YES;
				CLANG_WARN_EMPTY_BODY = YES;
				CLANG_WARN_ENUM_CONVERSION = YES;
				CLANG_WARN_INFINITE_RECURSION = YES;
				CLANG_WARN_INT_CONVERSION = YES;
				CLANG_WARN_NON_LITERAL_NULL_CONVERSION = YES;
				CLANG_WARN_OBJC_IMPLICIT_RETAIN_SELF = YES;
				CLANG_WARN_OBJC_LITERAL_CONVERSION = YES;
				CLANG_WARN_OBJC_ROOT_CLASS = YES_ERROR;
				CLANG_WARN_QUOTED_INCLUDE_IN_FRAMEWORK_HEADER = YES;
				CLANG_WARN_RANGE_LOOP_ANALYSIS = YES;
				CLANG_WARN_STRICT_PROTOTYPES = YES;
				CLANG_WARN_SUSPICIOUS_MOVE = YES;
				CLANG_WARN_UNGUARDED_AVAILABILITY = YES_AGGRESSIVE;
				CLANG_WARN_UNREACHABLE_CODE = YES;
				CLANG_WARN__DUPLICATE_METHOD_MATCH = YES;
				COPY_PHASE_STRIP = NO;
				DEBUG_INFORMATION_FORMAT = dwarf;
				ENABLE_STRICT_OBJC_MSGSEND = YES;
				ENABLE_TESTABILITY = YES;
				GCC_C_LANGUAGE_STANDARD = gnu11;
				GCC_DYNAMIC_NO_PIC = NO;
				GCC_NO_COMMON_BLOCKS = YES;
				GCC_OPTIMIZATION_LEVEL = 0;
				GCC_PREPROCESSOR_DEFINITIONS = (
					"DEBUG=1",
					"$(inherited)",
				);
				GCC_WARN_64_TO_32_BIT_CONVERSION = YES;
				GCC_WARN_ABOUT_RETURN_TYPE = YES_ERROR;
				GCC_WARN_UNDECLARED_SELECTOR = YES;
				GCC_WARN_UNINITIALIZED_AUTOS = YES_AGGRESSIVE;
				GCC_WARN_UNUSED_FUNCTION = YES;
				GCC_WARN_UNUSED_VARIABLE = YES;
				IPHONEOS_DEPLOYMENT_TARGET = 14.4;
				MTL_ENABLE_DEBUG_INFO = INCLUDE_SOURCE;
				MTL_FAST_MATH = YES;
				ONLY_ACTIVE_ARCH = YES;
				SDKROOT = iphoneos;
				SWIFT_ACTIVE_COMPILATION_CONDITIONS = DEBUG;
				SWIFT_OPTIMIZATION_LEVEL = "-Onone";
			};
			name = Debug;
		};
		5CB0093C26552DCA009806C0 /* Release */ = {
			isa = XCBuildConfiguration;
			buildSettings = {
				ALWAYS_SEARCH_USER_PATHS = NO;
				CLANG_ANALYZER_NONNULL = YES;
				CLANG_ANALYZER_NUMBER_OBJECT_CONVERSION = YES_AGGRESSIVE;
				CLANG_CXX_LANGUAGE_STANDARD = "gnu++14";
				CLANG_CXX_LIBRARY = "libc++";
				CLANG_ENABLE_MODULES = YES;
				CLANG_ENABLE_OBJC_ARC = YES;
				CLANG_ENABLE_OBJC_WEAK = YES;
				CLANG_WARN_BLOCK_CAPTURE_AUTORELEASING = YES;
				CLANG_WARN_BOOL_CONVERSION = YES;
				CLANG_WARN_COMMA = YES;
				CLANG_WARN_CONSTANT_CONVERSION = YES;
				CLANG_WARN_DEPRECATED_OBJC_IMPLEMENTATIONS = YES;
				CLANG_WARN_DIRECT_OBJC_ISA_USAGE = YES_ERROR;
				CLANG_WARN_DOCUMENTATION_COMMENTS = YES;
				CLANG_WARN_EMPTY_BODY = YES;
				CLANG_WARN_ENUM_CONVERSION = YES;
				CLANG_WARN_INFINITE_RECURSION = YES;
				CLANG_WARN_INT_CONVERSION = YES;
				CLANG_WARN_NON_LITERAL_NULL_CONVERSION = YES;
				CLANG_WARN_OBJC_IMPLICIT_RETAIN_SELF = YES;
				CLANG_WARN_OBJC_LITERAL_CONVERSION = YES;
				CLANG_WARN_OBJC_ROOT_CLASS = YES_ERROR;
				CLANG_WARN_QUOTED_INCLUDE_IN_FRAMEWORK_HEADER = YES;
				CLANG_WARN_RANGE_LOOP_ANALYSIS = YES;
				CLANG_WARN_STRICT_PROTOTYPES = YES;
				CLANG_WARN_SUSPICIOUS_MOVE = YES;
				CLANG_WARN_UNGUARDED_AVAILABILITY = YES_AGGRESSIVE;
				CLANG_WARN_UNREACHABLE_CODE = YES;
				CLANG_WARN__DUPLICATE_METHOD_MATCH = YES;
				COPY_PHASE_STRIP = NO;
				DEBUG_INFORMATION_FORMAT = "dwarf-with-dsym";
				ENABLE_NS_ASSERTIONS = NO;
				ENABLE_STRICT_OBJC_MSGSEND = YES;
				GCC_C_LANGUAGE_STANDARD = gnu11;
				GCC_NO_COMMON_BLOCKS = YES;
				GCC_WARN_64_TO_32_BIT_CONVERSION = YES;
				GCC_WARN_ABOUT_RETURN_TYPE = YES_ERROR;
				GCC_WARN_UNDECLARED_SELECTOR = YES;
				GCC_WARN_UNINITIALIZED_AUTOS = YES_AGGRESSIVE;
				GCC_WARN_UNUSED_FUNCTION = YES;
				GCC_WARN_UNUSED_VARIABLE = YES;
				IPHONEOS_DEPLOYMENT_TARGET = 14.4;
				MTL_ENABLE_DEBUG_INFO = NO;
				MTL_FAST_MATH = YES;
				SDKROOT = iphoneos;
				SWIFT_COMPILATION_MODE = wholemodule;
				SWIFT_OPTIMIZATION_LEVEL = "-O";
				VALIDATE_PRODUCT = YES;
			};
			name = Release;
		};
		5CB0093E26552DCA009806C0 /* Debug */ = {
			isa = XCBuildConfiguration;
			buildSettings = {
				ASSETCATALOG_COMPILER_APPICON_NAME = AppIcon;
				ASSETCATALOG_COMPILER_GLOBAL_ACCENT_COLOR_NAME = AccentColor;
				CODE_SIGN_STYLE = Automatic;
				DEVELOPMENT_TEAM = 7AMQXZQ69T;
				INFOPLIST_FILE = BazaartProject/Info.plist;
				LD_RUNPATH_SEARCH_PATHS = (
					"$(inherited)",
					"@executable_path/Frameworks",
				);
				PRODUCT_BUNDLE_IDENTIFIER = "Yedidya-Reiss.BazaartProject";
				PRODUCT_NAME = "$(TARGET_NAME)";
				SWIFT_VERSION = 5.0;
				TARGETED_DEVICE_FAMILY = "1,2";
			};
			name = Debug;
		};
		5CB0093F26552DCA009806C0 /* Release */ = {
			isa = XCBuildConfiguration;
			buildSettings = {
				ASSETCATALOG_COMPILER_APPICON_NAME = AppIcon;
				ASSETCATALOG_COMPILER_GLOBAL_ACCENT_COLOR_NAME = AccentColor;
				CODE_SIGN_STYLE = Automatic;
				DEVELOPMENT_TEAM = 7AMQXZQ69T;
				INFOPLIST_FILE = BazaartProject/Info.plist;
				LD_RUNPATH_SEARCH_PATHS = (
					"$(inherited)",
					"@executable_path/Frameworks",
				);
				PRODUCT_BUNDLE_IDENTIFIER = "Yedidya-Reiss.BazaartProject";
				PRODUCT_NAME = "$(TARGET_NAME)";
				SWIFT_VERSION = 5.0;
				TARGETED_DEVICE_FAMILY = "1,2";
			};
			name = Release;
		};
		5CB0094126552DCA009806C0 /* Debug */ = {
			isa = XCBuildConfiguration;
			buildSettings = {
				ALWAYS_EMBED_SWIFT_STANDARD_LIBRARIES = YES;
				BUNDLE_LOADER = "$(TEST_HOST)";
				CODE_SIGN_STYLE = Automatic;
				DEVELOPMENT_TEAM = 7AMQXZQ69T;
				INFOPLIST_FILE = BazaartProjectTests/Info.plist;
				IPHONEOS_DEPLOYMENT_TARGET = 14.4;
				LD_RUNPATH_SEARCH_PATHS = (
					"$(inherited)",
					"@executable_path/Frameworks",
					"@loader_path/Frameworks",
				);
				PRODUCT_BUNDLE_IDENTIFIER = "Yedidya-Reiss.BazaartProjectTests";
				PRODUCT_NAME = "$(TARGET_NAME)";
				SWIFT_VERSION = 5.0;
				TARGETED_DEVICE_FAMILY = "1,2";
				TEST_HOST = "$(BUILT_PRODUCTS_DIR)/BazaartProject.app/BazaartProject";
			};
			name = Debug;
		};
		5CB0094226552DCA009806C0 /* Release */ = {
			isa = XCBuildConfiguration;
			buildSettings = {
				ALWAYS_EMBED_SWIFT_STANDARD_LIBRARIES = YES;
				BUNDLE_LOADER = "$(TEST_HOST)";
				CODE_SIGN_STYLE = Automatic;
				DEVELOPMENT_TEAM = 7AMQXZQ69T;
				INFOPLIST_FILE = BazaartProjectTests/Info.plist;
				IPHONEOS_DEPLOYMENT_TARGET = 14.4;
				LD_RUNPATH_SEARCH_PATHS = (
					"$(inherited)",
					"@executable_path/Frameworks",
					"@loader_path/Frameworks",
				);
				PRODUCT_BUNDLE_IDENTIFIER = "Yedidya-Reiss.BazaartProjectTests";
				PRODUCT_NAME = "$(TARGET_NAME)";
				SWIFT_VERSION = 5.0;
				TARGETED_DEVICE_FAMILY = "1,2";
				TEST_HOST = "$(BUILT_PRODUCTS_DIR)/BazaartProject.app/BazaartProject";
			};
			name = Release;
		};
		5CB0094426552DCA009806C0 /* Debug */ = {
			isa = XCBuildConfiguration;
			buildSettings = {
				ALWAYS_EMBED_SWIFT_STANDARD_LIBRARIES = YES;
				CODE_SIGN_STYLE = Automatic;
				DEVELOPMENT_TEAM = 7AMQXZQ69T;
				INFOPLIST_FILE = BazaartProjectUITests/Info.plist;
				LD_RUNPATH_SEARCH_PATHS = (
					"$(inherited)",
					"@executable_path/Frameworks",
					"@loader_path/Frameworks",
				);
				PRODUCT_BUNDLE_IDENTIFIER = "Yedidya-Reiss.BazaartProjectUITests";
				PRODUCT_NAME = "$(TARGET_NAME)";
				SWIFT_VERSION = 5.0;
				TARGETED_DEVICE_FAMILY = "1,2";
				TEST_TARGET_NAME = BazaartProject;
			};
			name = Debug;
		};
		5CB0094526552DCA009806C0 /* Release */ = {
			isa = XCBuildConfiguration;
			buildSettings = {
				ALWAYS_EMBED_SWIFT_STANDARD_LIBRARIES = YES;
				CODE_SIGN_STYLE = Automatic;
				DEVELOPMENT_TEAM = 7AMQXZQ69T;
				INFOPLIST_FILE = BazaartProjectUITests/Info.plist;
				LD_RUNPATH_SEARCH_PATHS = (
					"$(inherited)",
					"@executable_path/Frameworks",
					"@loader_path/Frameworks",
				);
				PRODUCT_BUNDLE_IDENTIFIER = "Yedidya-Reiss.BazaartProjectUITests";
				PRODUCT_NAME = "$(TARGET_NAME)";
				SWIFT_VERSION = 5.0;
				TARGETED_DEVICE_FAMILY = "1,2";
				TEST_TARGET_NAME = BazaartProject;
			};
			name = Release;
		};
/* End XCBuildConfiguration section */

/* Begin XCConfigurationList section */
		5CB0090E26552DC1009806C0 /* Build configuration list for PBXProject "BazaartProject" */ = {
			isa = XCConfigurationList;
			buildConfigurations = (
				5CB0093B26552DCA009806C0 /* Debug */,
				5CB0093C26552DCA009806C0 /* Release */,
			);
			defaultConfigurationIsVisible = 0;
			defaultConfigurationName = Release;
		};
		5CB0093D26552DCA009806C0 /* Build configuration list for PBXNativeTarget "BazaartProject" */ = {
			isa = XCConfigurationList;
			buildConfigurations = (
				5CB0093E26552DCA009806C0 /* Debug */,
				5CB0093F26552DCA009806C0 /* Release */,
			);
			defaultConfigurationIsVisible = 0;
			defaultConfigurationName = Release;
		};
		5CB0094026552DCA009806C0 /* Build configuration list for PBXNativeTarget "BazaartProjectTests" */ = {
			isa = XCConfigurationList;
			buildConfigurations = (
				5CB0094126552DCA009806C0 /* Debug */,
				5CB0094226552DCA009806C0 /* Release */,
			);
			defaultConfigurationIsVisible = 0;
			defaultConfigurationName = Release;
		};
		5CB0094326552DCA009806C0 /* Build configuration list for PBXNativeTarget "BazaartProjectUITests" */ = {
			isa = XCConfigurationList;
			buildConfigurations = (
				5CB0094426552DCA009806C0 /* Debug */,
				5CB0094526552DCA009806C0 /* Release */,
			);
			defaultConfigurationIsVisible = 0;
			defaultConfigurationName = Release;
		};
/* End XCConfigurationList section */
	};
	rootObject = 5CB0090B26552DC1009806C0 /* Project object */;
}
